// !$*UTF8*$!
{
	archiveVersion = 1;
	classes = {
	};
	objectVersion = 56;
	objects = {

/* Begin PBXBuildFile section */
		CEE23A4F2C35D35E0029D0BE /* QuizGameApp.swift in Sources */ = {isa = PBXBuildFile; fileRef = CEE23A4E2C35D35E0029D0BE /* QuizGameApp.swift */; };
		CEE23A512C35D35E0029D0BE /* GameView.swift in Sources */ = {isa = PBXBuildFile; fileRef = CEE23A502C35D35E0029D0BE /* GameView.swift */; };
		CEE23A532C35D35F0029D0BE /* Assets.xcassets in Resources */ = {isa = PBXBuildFile; fileRef = CEE23A522C35D35F0029D0BE /* Assets.xcassets */; };
		CEE23A562C35D35F0029D0BE /* Preview Assets.xcassets in Resources */ = {isa = PBXBuildFile; fileRef = CEE23A552C35D35F0029D0BE /* Preview Assets.xcassets */; };
		CEE23A602C35D35F0029D0BE /* QuizGameTests.swift in Sources */ = {isa = PBXBuildFile; fileRef = CEE23A5F2C35D35F0029D0BE /* QuizGameTests.swift */; };
		CEE23A6A2C35D35F0029D0BE /* QuizGameUITests.swift in Sources */ = {isa = PBXBuildFile; fileRef = CEE23A692C35D35F0029D0BE /* QuizGameUITests.swift */; };
		CEE23A6C2C35D35F0029D0BE /* QuizGameUITestsLaunchTests.swift in Sources */ = {isa = PBXBuildFile; fileRef = CEE23A6B2C35D35F0029D0BE /* QuizGameUITestsLaunchTests.swift */; };
		CEE23A7A2C35D4120029D0BE /* NetworkRequest.swift in Sources */ = {isa = PBXBuildFile; fileRef = CEE23A792C35D4120029D0BE /* NetworkRequest.swift */; };
		CEE23A7C2C35D45E0029D0BE /* NetworkService.swift in Sources */ = {isa = PBXBuildFile; fileRef = CEE23A7B2C35D45E0029D0BE /* NetworkService.swift */; };
		CEE23A802C35D6F70029D0BE /* FlagService.swift in Sources */ = {isa = PBXBuildFile; fileRef = CEE23A7F2C35D6F70029D0BE /* FlagService.swift */; };
		CEE23A822C35DAF60029D0BE /* Country.swift in Sources */ = {isa = PBXBuildFile; fileRef = CEE23A812C35DAF60029D0BE /* Country.swift */; };
		CEE23A842C35DD3C0029D0BE /* GenerateResponse.swift in Sources */ = {isa = PBXBuildFile; fileRef = CEE23A832C35DD3C0029D0BE /* GenerateResponse.swift */; };
/* End PBXBuildFile section */

/* Begin PBXContainerItemProxy section */
		CEE23A5C2C35D35F0029D0BE /* PBXContainerItemProxy */ = {
			isa = PBXContainerItemProxy;
			containerPortal = CEE23A432C35D35E0029D0BE /* Project object */;
			proxyType = 1;
			remoteGlobalIDString = CEE23A4A2C35D35E0029D0BE;
			remoteInfo = QuizGame;
		};
		CEE23A662C35D35F0029D0BE /* PBXContainerItemProxy */ = {
			isa = PBXContainerItemProxy;
			containerPortal = CEE23A432C35D35E0029D0BE /* Project object */;
			proxyType = 1;
			remoteGlobalIDString = CEE23A4A2C35D35E0029D0BE;
			remoteInfo = QuizGame;
		};
/* End PBXContainerItemProxy section */

/* Begin PBXFileReference section */
		CEE23A4B2C35D35E0029D0BE /* QuizGame.app */ = {isa = PBXFileReference; explicitFileType = wrapper.application; includeInIndex = 0; path = QuizGame.app; sourceTree = BUILT_PRODUCTS_DIR; };
		CEE23A4E2C35D35E0029D0BE /* QuizGameApp.swift */ = {isa = PBXFileReference; lastKnownFileType = sourcecode.swift; path = QuizGameApp.swift; sourceTree = "<group>"; };
		CEE23A502C35D35E0029D0BE /* GameView.swift */ = {isa = PBXFileReference; lastKnownFileType = sourcecode.swift; path = GameView.swift; sourceTree = "<group>"; };
		CEE23A522C35D35F0029D0BE /* Assets.xcassets */ = {isa = PBXFileReference; lastKnownFileType = folder.assetcatalog; path = Assets.xcassets; sourceTree = "<group>"; };
		CEE23A552C35D35F0029D0BE /* Preview Assets.xcassets */ = {isa = PBXFileReference; lastKnownFileType = folder.assetcatalog; path = "Preview Assets.xcassets"; sourceTree = "<group>"; };
		CEE23A5B2C35D35F0029D0BE /* QuizGameTests.xctest */ = {isa = PBXFileReference; explicitFileType = wrapper.cfbundle; includeInIndex = 0; path = QuizGameTests.xctest; sourceTree = BUILT_PRODUCTS_DIR; };
		CEE23A5F2C35D35F0029D0BE /* QuizGameTests.swift */ = {isa = PBXFileReference; lastKnownFileType = sourcecode.swift; path = QuizGameTests.swift; sourceTree = "<group>"; };
		CEE23A652C35D35F0029D0BE /* QuizGameUITests.xctest */ = {isa = PBXFileReference; explicitFileType = wrapper.cfbundle; includeInIndex = 0; path = QuizGameUITests.xctest; sourceTree = BUILT_PRODUCTS_DIR; };
		CEE23A692C35D35F0029D0BE /* QuizGameUITests.swift */ = {isa = PBXFileReference; lastKnownFileType = sourcecode.swift; path = QuizGameUITests.swift; sourceTree = "<group>"; };
		CEE23A6B2C35D35F0029D0BE /* QuizGameUITestsLaunchTests.swift */ = {isa = PBXFileReference; lastKnownFileType = sourcecode.swift; path = QuizGameUITestsLaunchTests.swift; sourceTree = "<group>"; };
		CEE23A792C35D4120029D0BE /* NetworkRequest.swift */ = {isa = PBXFileReference; lastKnownFileType = sourcecode.swift; path = NetworkRequest.swift; sourceTree = "<group>"; };
		CEE23A7B2C35D45E0029D0BE /* NetworkService.swift */ = {isa = PBXFileReference; lastKnownFileType = sourcecode.swift; path = NetworkService.swift; sourceTree = "<group>"; };
		CEE23A7F2C35D6F70029D0BE /* FlagService.swift */ = {isa = PBXFileReference; lastKnownFileType = sourcecode.swift; path = FlagService.swift; sourceTree = "<group>"; };
		CEE23A812C35DAF60029D0BE /* Country.swift */ = {isa = PBXFileReference; lastKnownFileType = sourcecode.swift; path = Country.swift; sourceTree = "<group>"; };
		CEE23A832C35DD3C0029D0BE /* GenerateResponse.swift */ = {isa = PBXFileReference; lastKnownFileType = sourcecode.swift; path = GenerateResponse.swift; sourceTree = "<group>"; };
/* End PBXFileReference section */

/* Begin PBXFrameworksBuildPhase section */
		CEE23A482C35D35E0029D0BE /* Frameworks */ = {
			isa = PBXFrameworksBuildPhase;
			buildActionMask = 2147483647;
			files = (
			);
			runOnlyForDeploymentPostprocessing = 0;
		};
		CEE23A582C35D35F0029D0BE /* Frameworks */ = {
			isa = PBXFrameworksBuildPhase;
			buildActionMask = 2147483647;
			files = (
			);
			runOnlyForDeploymentPostprocessing = 0;
		};
		CEE23A622C35D35F0029D0BE /* Frameworks */ = {
			isa = PBXFrameworksBuildPhase;
			buildActionMask = 2147483647;
			files = (
			);
			runOnlyForDeploymentPostprocessing = 0;
		};
/* End PBXFrameworksBuildPhase section */

/* Begin PBXGroup section */
		CEE23A422C35D35E0029D0BE = {
			isa = PBXGroup;
			children = (
				CEE23A7E2C35D6D50029D0BE /* FlagService */,
				CEE23A7D2C35D4760029D0BE /* NetworkService */,
				CEE23A4D2C35D35E0029D0BE /* QuizGame */,
				CEE23A5E2C35D35F0029D0BE /* QuizGameTests */,
				CEE23A682C35D35F0029D0BE /* QuizGameUITests */,
				CEE23A4C2C35D35E0029D0BE /* Products */,
			);
			sourceTree = "<group>";
		};
		CEE23A4C2C35D35E0029D0BE /* Products */ = {
			isa = PBXGroup;
			children = (
				CEE23A4B2C35D35E0029D0BE /* QuizGame.app */,
				CEE23A5B2C35D35F0029D0BE /* QuizGameTests.xctest */,
				CEE23A652C35D35F0029D0BE /* QuizGameUITests.xctest */,
			);
			name = Products;
			sourceTree = "<group>";
		};
		CEE23A4D2C35D35E0029D0BE /* QuizGame */ = {
			isa = PBXGroup;
			children = (
				CEE23A4E2C35D35E0029D0BE /* QuizGameApp.swift */,
				CEE23A782C35D3FB0029D0BE /* UI */,
				CEE23A522C35D35F0029D0BE /* Assets.xcassets */,
				CEE23A542C35D35F0029D0BE /* Preview Content */,
			);
			path = QuizGame;
			sourceTree = "<group>";
		};
		CEE23A542C35D35F0029D0BE /* Preview Content */ = {
			isa = PBXGroup;
			children = (
				CEE23A552C35D35F0029D0BE /* Preview Assets.xcassets */,
			);
			path = "Preview Content";
			sourceTree = "<group>";
		};
		CEE23A5E2C35D35F0029D0BE /* QuizGameTests */ = {
			isa = PBXGroup;
			children = (
				CEE23A5F2C35D35F0029D0BE /* QuizGameTests.swift */,
			);
			path = QuizGameTests;
			sourceTree = "<group>";
		};
		CEE23A682C35D35F0029D0BE /* QuizGameUITests */ = {
			isa = PBXGroup;
			children = (
				CEE23A692C35D35F0029D0BE /* QuizGameUITests.swift */,
				CEE23A6B2C35D35F0029D0BE /* QuizGameUITestsLaunchTests.swift */,
			);
			path = QuizGameUITests;
			sourceTree = "<group>";
		};
		CEE23A782C35D3FB0029D0BE /* UI */ = {
			isa = PBXGroup;
			children = (
				CEE23A502C35D35E0029D0BE /* GameView.swift */,
			);
			path = UI;
			sourceTree = "<group>";
		};
		CEE23A7D2C35D4760029D0BE /* NetworkService */ = {
			isa = PBXGroup;
			children = (
				CEE23A7B2C35D45E0029D0BE /* NetworkService.swift */,
				CEE23A792C35D4120029D0BE /* NetworkRequest.swift */,
			);
			path = NetworkService;
			sourceTree = "<group>";
		};
		CEE23A7E2C35D6D50029D0BE /* FlagService */ = {
			isa = PBXGroup;
			children = (
				CEE23A7F2C35D6F70029D0BE /* FlagService.swift */,
				CEE23A812C35DAF60029D0BE /* Country.swift */,
				CEE23A832C35DD3C0029D0BE /* GenerateResponse.swift */,
			);
			path = FlagService;
			sourceTree = "<group>";
		};
/* End PBXGroup section */

/* Begin PBXNativeTarget section */
		CEE23A4A2C35D35E0029D0BE /* QuizGame */ = {
			isa = PBXNativeTarget;
			buildConfigurationList = CEE23A6F2C35D35F0029D0BE /* Build configuration list for PBXNativeTarget "QuizGame" */;
			buildPhases = (
				CEE23A472C35D35E0029D0BE /* Sources */,
				CEE23A482C35D35E0029D0BE /* Frameworks */,
				CEE23A492C35D35E0029D0BE /* Resources */,
			);
			buildRules = (
			);
			dependencies = (
			);
			name = QuizGame;
			productName = QuizGame;
			productReference = CEE23A4B2C35D35E0029D0BE /* QuizGame.app */;
			productType = "com.apple.product-type.application";
		};
		CEE23A5A2C35D35F0029D0BE /* QuizGameTests */ = {
			isa = PBXNativeTarget;
			buildConfigurationList = CEE23A722C35D35F0029D0BE /* Build configuration list for PBXNativeTarget "QuizGameTests" */;
			buildPhases = (
				CEE23A572C35D35F0029D0BE /* Sources */,
				CEE23A582C35D35F0029D0BE /* Frameworks */,
				CEE23A592C35D35F0029D0BE /* Resources */,
			);
			buildRules = (
			);
			dependencies = (
				CEE23A5D2C35D35F0029D0BE /* PBXTargetDependency */,
			);
			name = QuizGameTests;
			productName = QuizGameTests;
			productReference = CEE23A5B2C35D35F0029D0BE /* QuizGameTests.xctest */;
			productType = "com.apple.product-type.bundle.unit-test";
		};
		CEE23A642C35D35F0029D0BE /* QuizGameUITests */ = {
			isa = PBXNativeTarget;
			buildConfigurationList = CEE23A752C35D35F0029D0BE /* Build configuration list for PBXNativeTarget "QuizGameUITests" */;
			buildPhases = (
				CEE23A612C35D35F0029D0BE /* Sources */,
				CEE23A622C35D35F0029D0BE /* Frameworks */,
				CEE23A632C35D35F0029D0BE /* Resources */,
			);
			buildRules = (
			);
			dependencies = (
				CEE23A672C35D35F0029D0BE /* PBXTargetDependency */,
			);
			name = QuizGameUITests;
			productName = QuizGameUITests;
			productReference = CEE23A652C35D35F0029D0BE /* QuizGameUITests.xctest */;
			productType = "com.apple.product-type.bundle.ui-testing";
		};
/* End PBXNativeTarget section */

/* Begin PBXProject section */
		CEE23A432C35D35E0029D0BE /* Project object */ = {
			isa = PBXProject;
			attributes = {
				BuildIndependentTargetsInParallel = 1;
				LastSwiftUpdateCheck = 1540;
				LastUpgradeCheck = 1540;
				TargetAttributes = {
					CEE23A4A2C35D35E0029D0BE = {
						CreatedOnToolsVersion = 15.4;
					};
					CEE23A5A2C35D35F0029D0BE = {
						CreatedOnToolsVersion = 15.4;
						TestTargetID = CEE23A4A2C35D35E0029D0BE;
					};
					CEE23A642C35D35F0029D0BE = {
						CreatedOnToolsVersion = 15.4;
						TestTargetID = CEE23A4A2C35D35E0029D0BE;
					};
				};
			};
			buildConfigurationList = CEE23A462C35D35E0029D0BE /* Build configuration list for PBXProject "QuizGame" */;
			compatibilityVersion = "Xcode 14.0";
			developmentRegion = en;
			hasScannedForEncodings = 0;
			knownRegions = (
				en,
				Base,
			);
			mainGroup = CEE23A422C35D35E0029D0BE;
			productRefGroup = CEE23A4C2C35D35E0029D0BE /* Products */;
			projectDirPath = "";
			projectRoot = "";
			targets = (
				CEE23A4A2C35D35E0029D0BE /* QuizGame */,
				CEE23A5A2C35D35F0029D0BE /* QuizGameTests */,
				CEE23A642C35D35F0029D0BE /* QuizGameUITests */,
			);
		};
/* End PBXProject section */

/* Begin PBXResourcesBuildPhase section */
		CEE23A492C35D35E0029D0BE /* Resources */ = {
			isa = PBXResourcesBuildPhase;
			buildActionMask = 2147483647;
			files = (
				CEE23A562C35D35F0029D0BE /* Preview Assets.xcassets in Resources */,
				CEE23A532C35D35F0029D0BE /* Assets.xcassets in Resources */,
			);
			runOnlyForDeploymentPostprocessing = 0;
		};
		CEE23A592C35D35F0029D0BE /* Resources */ = {
			isa = PBXResourcesBuildPhase;
			buildActionMask = 2147483647;
			files = (
			);
			runOnlyForDeploymentPostprocessing = 0;
		};
		CEE23A632C35D35F0029D0BE /* Resources */ = {
			isa = PBXResourcesBuildPhase;
			buildActionMask = 2147483647;
			files = (
			);
			runOnlyForDeploymentPostprocessing = 0;
		};
/* End PBXResourcesBuildPhase section */

/* Begin PBXSourcesBuildPhase section */
		CEE23A472C35D35E0029D0BE /* Sources */ = {
			isa = PBXSourcesBuildPhase;
			buildActionMask = 2147483647;
			files = (
				CEE23A802C35D6F70029D0BE /* FlagService.swift in Sources */,
				CEE23A7A2C35D4120029D0BE /* NetworkRequest.swift in Sources */,
				CEE23A512C35D35E0029D0BE /* GameView.swift in Sources */,
				CEE23A7C2C35D45E0029D0BE /* NetworkService.swift in Sources */,
				CEE23A822C35DAF60029D0BE /* Country.swift in Sources */,
				CEE23A4F2C35D35E0029D0BE /* QuizGameApp.swift in Sources */,
				CEE23A842C35DD3C0029D0BE /* GenerateResponse.swift in Sources */,
			);
			runOnlyForDeploymentPostprocessing = 0;
		};
		CEE23A572C35D35F0029D0BE /* Sources */ = {
			isa = PBXSourcesBuildPhase;
			buildActionMask = 2147483647;
			files = (
				CEE23A602C35D35F0029D0BE /* QuizGameTests.swift in Sources */,
			);
			runOnlyForDeploymentPostprocessing = 0;
		};
		CEE23A612C35D35F0029D0BE /* Sources */ = {
			isa = PBXSourcesBuildPhase;
			buildActionMask = 2147483647;
			files = (
				CEE23A6C2C35D35F0029D0BE /* QuizGameUITestsLaunchTests.swift in Sources */,
				CEE23A6A2C35D35F0029D0BE /* QuizGameUITests.swift in Sources */,
			);
			runOnlyForDeploymentPostprocessing = 0;
		};
/* End PBXSourcesBuildPhase section */

/* Begin PBXTargetDependency section */
		CEE23A5D2C35D35F0029D0BE /* PBXTargetDependency */ = {
			isa = PBXTargetDependency;
			target = CEE23A4A2C35D35E0029D0BE /* QuizGame */;
			targetProxy = CEE23A5C2C35D35F0029D0BE /* PBXContainerItemProxy */;
		};
		CEE23A672C35D35F0029D0BE /* PBXTargetDependency */ = {
			isa = PBXTargetDependency;
			target = CEE23A4A2C35D35E0029D0BE /* QuizGame */;
			targetProxy = CEE23A662C35D35F0029D0BE /* PBXContainerItemProxy */;
		};
/* End PBXTargetDependency section */

/* Begin XCBuildConfiguration section */
		CEE23A6D2C35D35F0029D0BE /* Debug */ = {
			isa = XCBuildConfiguration;
			buildSettings = {
				ALWAYS_SEARCH_USER_PATHS = NO;
				ASSETCATALOG_COMPILER_GENERATE_SWIFT_ASSET_SYMBOL_EXTENSIONS = YES;
				CLANG_ANALYZER_NONNULL = YES;
				CLANG_ANALYZER_NUMBER_OBJECT_CONVERSION = YES_AGGRESSIVE;
				CLANG_CXX_LANGUAGE_STANDARD = "gnu++20";
				CLANG_ENABLE_MODULES = YES;
				CLANG_ENABLE_OBJC_ARC = YES;
				CLANG_ENABLE_OBJC_WEAK = YES;
				CLANG_WARN_BLOCK_CAPTURE_AUTORELEASING = YES;
				CLANG_WARN_BOOL_CONVERSION = YES;
				CLANG_WARN_COMMA = YES;
				CLANG_WARN_CONSTANT_CONVERSION = YES;
				CLANG_WARN_DEPRECATED_OBJC_IMPLEMENTATIONS = YES;
				CLANG_WARN_DIRECT_OBJC_ISA_USAGE = YES_ERROR;
				CLANG_WARN_DOCUMENTATION_COMMENTS = YES;
				CLANG_WARN_EMPTY_BODY = YES;
				CLANG_WARN_ENUM_CONVERSION = YES;
				CLANG_WARN_INFINITE_RECURSION = YES;
				CLANG_WARN_INT_CONVERSION = YES;
				CLANG_WARN_NON_LITERAL_NULL_CONVERSION = YES;
				CLANG_WARN_OBJC_IMPLICIT_RETAIN_SELF = YES;
				CLANG_WARN_OBJC_LITERAL_CONVERSION = YES;
				CLANG_WARN_OBJC_ROOT_CLASS = YES_ERROR;
				CLANG_WARN_QUOTED_INCLUDE_IN_FRAMEWORK_HEADER = YES;
				CLANG_WARN_RANGE_LOOP_ANALYSIS = YES;
				CLANG_WARN_STRICT_PROTOTYPES = YES;
				CLANG_WARN_SUSPICIOUS_MOVE = YES;
				CLANG_WARN_UNGUARDED_AVAILABILITY = YES_AGGRESSIVE;
				CLANG_WARN_UNREACHABLE_CODE = YES;
				CLANG_WARN__DUPLICATE_METHOD_MATCH = YES;
				COPY_PHASE_STRIP = NO;
				DEBUG_INFORMATION_FORMAT = dwarf;
				ENABLE_STRICT_OBJC_MSGSEND = YES;
				ENABLE_TESTABILITY = YES;
				ENABLE_USER_SCRIPT_SANDBOXING = YES;
				GCC_C_LANGUAGE_STANDARD = gnu17;
				GCC_DYNAMIC_NO_PIC = NO;
				GCC_NO_COMMON_BLOCKS = YES;
				GCC_OPTIMIZATION_LEVEL = 0;
				GCC_PREPROCESSOR_DEFINITIONS = (
					"DEBUG=1",
					"$(inherited)",
				);
				GCC_WARN_64_TO_32_BIT_CONVERSION = YES;
				GCC_WARN_ABOUT_RETURN_TYPE = YES_ERROR;
				GCC_WARN_UNDECLARED_SELECTOR = YES;
				GCC_WARN_UNINITIALIZED_AUTOS = YES_AGGRESSIVE;
				GCC_WARN_UNUSED_FUNCTION = YES;
				GCC_WARN_UNUSED_VARIABLE = YES;
				IPHONEOS_DEPLOYMENT_TARGET = 17.5;
				LOCALIZATION_PREFERS_STRING_CATALOGS = YES;
				MTL_ENABLE_DEBUG_INFO = INCLUDE_SOURCE;
				MTL_FAST_MATH = YES;
				ONLY_ACTIVE_ARCH = YES;
				SDKROOT = iphoneos;
				SWIFT_ACTIVE_COMPILATION_CONDITIONS = "DEBUG $(inherited)";
				SWIFT_OPTIMIZATION_LEVEL = "-Onone";
			};
			name = Debug;
		};
		CEE23A6E2C35D35F0029D0BE /* Release */ = {
			isa = XCBuildConfiguration;
			buildSettings = {
				ALWAYS_SEARCH_USER_PATHS = NO;
				ASSETCATALOG_COMPILER_GENERATE_SWIFT_ASSET_SYMBOL_EXTENSIONS = YES;
				CLANG_ANALYZER_NONNULL = YES;
				CLANG_ANALYZER_NUMBER_OBJECT_CONVERSION = YES_AGGRESSIVE;
				CLANG_CXX_LANGUAGE_STANDARD = "gnu++20";
				CLANG_ENABLE_MODULES = YES;
				CLANG_ENABLE_OBJC_ARC = YES;
				CLANG_ENABLE_OBJC_WEAK = YES;
				CLANG_WARN_BLOCK_CAPTURE_AUTORELEASING = YES;
				CLANG_WARN_BOOL_CONVERSION = YES;
				CLANG_WARN_COMMA = YES;
				CLANG_WARN_CONSTANT_CONVERSION = YES;
				CLANG_WARN_DEPRECATED_OBJC_IMPLEMENTATIONS = YES;
				CLANG_WARN_DIRECT_OBJC_ISA_USAGE = YES_ERROR;
				CLANG_WARN_DOCUMENTATION_COMMENTS = YES;
				CLANG_WARN_EMPTY_BODY = YES;
				CLANG_WARN_ENUM_CONVERSION = YES;
				CLANG_WARN_INFINITE_RECURSION = YES;
				CLANG_WARN_INT_CONVERSION = YES;
				CLANG_WARN_NON_LITERAL_NULL_CONVERSION = YES;
				CLANG_WARN_OBJC_IMPLICIT_RETAIN_SELF = YES;
				CLANG_WARN_OBJC_LITERAL_CONVERSION = YES;
				CLANG_WARN_OBJC_ROOT_CLASS = YES_ERROR;
				CLANG_WARN_QUOTED_INCLUDE_IN_FRAMEWORK_HEADER = YES;
				CLANG_WARN_RANGE_LOOP_ANALYSIS = YES;
				CLANG_WARN_STRICT_PROTOTYPES = YES;
				CLANG_WARN_SUSPICIOUS_MOVE = YES;
				CLANG_WARN_UNGUARDED_AVAILABILITY = YES_AGGRESSIVE;
				CLANG_WARN_UNREACHABLE_CODE = YES;
				CLANG_WARN__DUPLICATE_METHOD_MATCH = YES;
				COPY_PHASE_STRIP = NO;
				DEBUG_INFORMATION_FORMAT = "dwarf-with-dsym";
				ENABLE_NS_ASSERTIONS = NO;
				ENABLE_STRICT_OBJC_MSGSEND = YES;
				ENABLE_USER_SCRIPT_SANDBOXING = YES;
				GCC_C_LANGUAGE_STANDARD = gnu17;
				GCC_NO_COMMON_BLOCKS = YES;
				GCC_WARN_64_TO_32_BIT_CONVERSION = YES;
				GCC_WARN_ABOUT_RETURN_TYPE = YES_ERROR;
				GCC_WARN_UNDECLARED_SELECTOR = YES;
				GCC_WARN_UNINITIALIZED_AUTOS = YES_AGGRESSIVE;
				GCC_WARN_UNUSED_FUNCTION = YES;
				GCC_WARN_UNUSED_VARIABLE = YES;
				IPHONEOS_DEPLOYMENT_TARGET = 17.5;
				LOCALIZATION_PREFERS_STRING_CATALOGS = YES;
				MTL_ENABLE_DEBUG_INFO = NO;
				MTL_FAST_MATH = YES;
				SDKROOT = iphoneos;
				SWIFT_COMPILATION_MODE = wholemodule;
				VALIDATE_PRODUCT = YES;
			};
			name = Release;
		};
		CEE23A702C35D35F0029D0BE /* Debug */ = {
			isa = XCBuildConfiguration;
			buildSettings = {
				ASSETCATALOG_COMPILER_APPICON_NAME = AppIcon;
				ASSETCATALOG_COMPILER_GLOBAL_ACCENT_COLOR_NAME = AccentColor;
				CODE_SIGN_STYLE = Automatic;
				CURRENT_PROJECT_VERSION = 1;
				DEVELOPMENT_ASSET_PATHS = "\"QuizGame/Preview Content\"";
				DEVELOPMENT_TEAM = 522V7NC84T;
				ENABLE_PREVIEWS = YES;
				GENERATE_INFOPLIST_FILE = YES;
				INFOPLIST_KEY_UIApplicationSceneManifest_Generation = YES;
				INFOPLIST_KEY_UIApplicationSupportsIndirectInputEvents = YES;
				INFOPLIST_KEY_UILaunchScreen_Generation = YES;
				INFOPLIST_KEY_UISupportedInterfaceOrientations_iPad = "UIInterfaceOrientationPortrait UIInterfaceOrientationPortraitUpsideDown UIInterfaceOrientationLandscapeLeft UIInterfaceOrientationLandscapeRight";
				INFOPLIST_KEY_UISupportedInterfaceOrientations_iPhone = "UIInterfaceOrientationPortrait UIInterfaceOrientationLandscapeLeft UIInterfaceOrientationLandscapeRight";
				LD_RUNPATH_SEARCH_PATHS = (
					"$(inherited)",
					"@executable_path/Frameworks",
				);
				MARKETING_VERSION = 1.0;
				PRODUCT_BUNDLE_IDENTIFIER = TA.QuizGame;
				PRODUCT_NAME = "$(TARGET_NAME)";
				SWIFT_EMIT_LOC_STRINGS = YES;
				SWIFT_VERSION = 5.0;
				TARGETED_DEVICE_FAMILY = "1,2";
			};
			name = Debug;
		};
		CEE23A712C35D35F0029D0BE /* Release */ = {
			isa = XCBuildConfiguration;
			buildSettings = {
				ASSETCATALOG_COMPILER_APPICON_NAME = AppIcon;
				ASSETCATALOG_COMPILER_GLOBAL_ACCENT_COLOR_NAME = AccentColor;
				CODE_SIGN_STYLE = Automatic;
				CURRENT_PROJECT_VERSION = 1;
				DEVELOPMENT_ASSET_PATHS = "\"QuizGame/Preview Content\"";
				DEVELOPMENT_TEAM = 522V7NC84T;
				ENABLE_PREVIEWS = YES;
				GENERATE_INFOPLIST_FILE = YES;
				INFOPLIST_KEY_UIApplicationSceneManifest_Generation = YES;
				INFOPLIST_KEY_UIApplicationSupportsIndirectInputEvents = YES;
				INFOPLIST_KEY_UILaunchScreen_Generation = YES;
				INFOPLIST_KEY_UISupportedInterfaceOrientations_iPad = "UIInterfaceOrientationPortrait UIInterfaceOrientationPortraitUpsideDown UIInterfaceOrientationLandscapeLeft UIInterfaceOrientationLandscapeRight";
				INFOPLIST_KEY_UISupportedInterfaceOrientations_iPhone = "UIInterfaceOrientationPortrait UIInterfaceOrientationLandscapeLeft UIInterfaceOrientationLandscapeRight";
				LD_RUNPATH_SEARCH_PATHS = (
					"$(inherited)",
					"@executable_path/Frameworks",
				);
				MARKETING_VERSION = 1.0;
				PRODUCT_BUNDLE_IDENTIFIER = TA.QuizGame;
				PRODUCT_NAME = "$(TARGET_NAME)";
				SWIFT_EMIT_LOC_STRINGS = YES;
				SWIFT_VERSION = 5.0;
				TARGETED_DEVICE_FAMILY = "1,2";
			};
			name = Release;
		};
		CEE23A732C35D35F0029D0BE /* Debug */ = {
			isa = XCBuildConfiguration;
			buildSettings = {
				ALWAYS_EMBED_SWIFT_STANDARD_LIBRARIES = YES;
				BUNDLE_LOADER = "$(TEST_HOST)";
				CODE_SIGN_STYLE = Automatic;
				CURRENT_PROJECT_VERSION = 1;
				DEVELOPMENT_TEAM = 522V7NC84T;
				GENERATE_INFOPLIST_FILE = YES;
				IPHONEOS_DEPLOYMENT_TARGET = 17.5;
				MARKETING_VERSION = 1.0;
				PRODUCT_BUNDLE_IDENTIFIER = TA.QuizGameTests;
				PRODUCT_NAME = "$(TARGET_NAME)";
				SWIFT_EMIT_LOC_STRINGS = NO;
				SWIFT_VERSION = 5.0;
				TARGETED_DEVICE_FAMILY = "1,2";
				TEST_HOST = "$(BUILT_PRODUCTS_DIR)/QuizGame.app/$(BUNDLE_EXECUTABLE_FOLDER_PATH)/QuizGame";
			};
			name = Debug;
		};
		CEE23A742C35D35F0029D0BE /* Release */ = {
			isa = XCBuildConfiguration;
			buildSettings = {
				ALWAYS_EMBED_SWIFT_STANDARD_LIBRARIES = YES;
				BUNDLE_LOADER = "$(TEST_HOST)";
				CODE_SIGN_STYLE = Automatic;
				CURRENT_PROJECT_VERSION = 1;
				DEVELOPMENT_TEAM = 522V7NC84T;
				GENERATE_INFOPLIST_FILE = YES;
				IPHONEOS_DEPLOYMENT_TARGET = 17.5;
				MARKETING_VERSION = 1.0;
				PRODUCT_BUNDLE_IDENTIFIER = TA.QuizGameTests;
				PRODUCT_NAME = "$(TARGET_NAME)";
				SWIFT_EMIT_LOC_STRINGS = NO;
				SWIFT_VERSION = 5.0;
				TARGETED_DEVICE_FAMILY = "1,2";
				TEST_HOST = "$(BUILT_PRODUCTS_DIR)/QuizGame.app/$(BUNDLE_EXECUTABLE_FOLDER_PATH)/QuizGame";
			};
			name = Release;
		};
		CEE23A762C35D35F0029D0BE /* Debug */ = {
			isa = XCBuildConfiguration;
			buildSettings = {
				ALWAYS_EMBED_SWIFT_STANDARD_LIBRARIES = YES;
				CODE_SIGN_STYLE = Automatic;
				CURRENT_PROJECT_VERSION = 1;
				DEVELOPMENT_TEAM = 522V7NC84T;
				GENERATE_INFOPLIST_FILE = YES;
				MARKETING_VERSION = 1.0;
				PRODUCT_BUNDLE_IDENTIFIER = TA.QuizGameUITests;
				PRODUCT_NAME = "$(TARGET_NAME)";
				SWIFT_EMIT_LOC_STRINGS = NO;
				SWIFT_VERSION = 5.0;
				TARGETED_DEVICE_FAMILY = "1,2";
				TEST_TARGET_NAME = QuizGame;
			};
			name = Debug;
		};
		CEE23A772C35D35F0029D0BE /* Release */ = {
			isa = XCBuildConfiguration;
			buildSettings = {
				ALWAYS_EMBED_SWIFT_STANDARD_LIBRARIES = YES;
				CODE_SIGN_STYLE = Automatic;
				CURRENT_PROJECT_VERSION = 1;
				DEVELOPMENT_TEAM = 522V7NC84T;
				GENERATE_INFOPLIST_FILE = YES;
				MARKETING_VERSION = 1.0;
				PRODUCT_BUNDLE_IDENTIFIER = TA.QuizGameUITests;
				PRODUCT_NAME = "$(TARGET_NAME)";
				SWIFT_EMIT_LOC_STRINGS = NO;
				SWIFT_VERSION = 5.0;
				TARGETED_DEVICE_FAMILY = "1,2";
				TEST_TARGET_NAME = QuizGame;
			};
			name = Release;
		};
/* End XCBuildConfiguration section */

/* Begin XCConfigurationList section */
		CEE23A462C35D35E0029D0BE /* Build configuration list for PBXProject "QuizGame" */ = {
			isa = XCConfigurationList;
			buildConfigurations = (
				CEE23A6D2C35D35F0029D0BE /* Debug */,
				CEE23A6E2C35D35F0029D0BE /* Release */,
			);
			defaultConfigurationIsVisible = 0;
			defaultConfigurationName = Release;
		};
		CEE23A6F2C35D35F0029D0BE /* Build configuration list for PBXNativeTarget "QuizGame" */ = {
			isa = XCConfigurationList;
			buildConfigurations = (
				CEE23A702C35D35F0029D0BE /* Debug */,
				CEE23A712C35D35F0029D0BE /* Release */,
			);
			defaultConfigurationIsVisible = 0;
			defaultConfigurationName = Release;
		};
		CEE23A722C35D35F0029D0BE /* Build configuration list for PBXNativeTarget "QuizGameTests" */ = {
			isa = XCConfigurationList;
			buildConfigurations = (
				CEE23A732C35D35F0029D0BE /* Debug */,
				CEE23A742C35D35F0029D0BE /* Release */,
			);
			defaultConfigurationIsVisible = 0;
			defaultConfigurationName = Release;
		};
		CEE23A752C35D35F0029D0BE /* Build configuration list for PBXNativeTarget "QuizGameUITests" */ = {
			isa = XCConfigurationList;
			buildConfigurations = (
				CEE23A762C35D35F0029D0BE /* Debug */,
				CEE23A772C35D35F0029D0BE /* Release */,
			);
			defaultConfigurationIsVisible = 0;
			defaultConfigurationName = Release;
		};
/* End XCConfigurationList section */
	};
	rootObject = CEE23A432C35D35E0029D0BE /* Project object */;
}
