// !$*UTF8*$!
{
	archiveVersion = 1;
	classes = {
	};
	objectVersion = 56;
	objects = {

/* Begin PBXBuildFile section */
		CEE23A9F2C404C940029D0BE /* Assets.xcassets in Resources */ = {isa = PBXBuildFile; fileRef = CEE23A9E2C404C940029D0BE /* Assets.xcassets */; };
		CEE23AA22C404C940029D0BE /* Base in Resources */ = {isa = PBXBuildFile; fileRef = CEE23AA12C404C940029D0BE /* Base */; };
		CEE23AAD2C404C950029D0BE /* FlagsQuizGameTests.swift in Sources */ = {isa = PBXBuildFile; fileRef = CEE23AAC2C404C950029D0BE /* FlagsQuizGameTests.swift */; };
		CEE23AB72C404C950029D0BE /* FlagsQuizGameUITests.swift in Sources */ = {isa = PBXBuildFile; fileRef = CEE23AB62C404C950029D0BE /* FlagsQuizGameUITests.swift */; };
		CEE23AB92C404C950029D0BE /* FlagsQuizGameUITestsLaunchTests.swift in Sources */ = {isa = PBXBuildFile; fileRef = CEE23AB82C404C950029D0BE /* FlagsQuizGameUITestsLaunchTests.swift */; };
		CEE23AC62C404CB80029D0BE /* NetworkService.swift in Sources */ = {isa = PBXBuildFile; fileRef = CEE23AC52C404CB80029D0BE /* NetworkService.swift */; };
		CEE23AC82C404CD50029D0BE /* NetworkRequest.swift in Sources */ = {isa = PBXBuildFile; fileRef = CEE23AC72C404CD50029D0BE /* NetworkRequest.swift */; };
		CEE23ACB2C404D010029D0BE /* FlagService.swift in Sources */ = {isa = PBXBuildFile; fileRef = CEE23ACA2C404D010029D0BE /* FlagService.swift */; };
		CEE23ACD2C404D110029D0BE /* Country.swift in Sources */ = {isa = PBXBuildFile; fileRef = CEE23ACC2C404D110029D0BE /* Country.swift */; };
		CEE23AD22C4061AD0029D0BE /* GameSwiftUIView.swift in Sources */ = {isa = PBXBuildFile; fileRef = CEE23AD12C4061AD0029D0BE /* GameSwiftUIView.swift */; };
		CEE23AD42C4064610029D0BE /* FlagsQuizApp.swift in Sources */ = {isa = PBXBuildFile; fileRef = CEE23AD32C4064610029D0BE /* FlagsQuizApp.swift */; };
/* End PBXBuildFile section */

/* Begin PBXContainerItemProxy section */
		CEE23AA92C404C950029D0BE /* PBXContainerItemProxy */ = {
			isa = PBXContainerItemProxy;
			containerPortal = CEE23A8A2C404C920029D0BE /* Project object */;
			proxyType = 1;
			remoteGlobalIDString = CEE23A912C404C920029D0BE;
			remoteInfo = FlagsQuizGame;
		};
		CEE23AB32C404C950029D0BE /* PBXContainerItemProxy */ = {
			isa = PBXContainerItemProxy;
			containerPortal = CEE23A8A2C404C920029D0BE /* Project object */;
			proxyType = 1;
			remoteGlobalIDString = CEE23A912C404C920029D0BE;
			remoteInfo = FlagsQuizGame;
		};
/* End PBXContainerItemProxy section */

/* Begin PBXFileReference section */
		CEE23A922C404C920029D0BE /* FlagsQuizGame.app */ = {isa = PBXFileReference; explicitFileType = wrapper.application; includeInIndex = 0; path = FlagsQuizGame.app; sourceTree = BUILT_PRODUCTS_DIR; };
		CEE23A9E2C404C940029D0BE /* Assets.xcassets */ = {isa = PBXFileReference; lastKnownFileType = folder.assetcatalog; path = Assets.xcassets; sourceTree = "<group>"; };
		CEE23AA12C404C940029D0BE /* Base */ = {isa = PBXFileReference; lastKnownFileType = file.storyboard; name = Base; path = Base.lproj/LaunchScreen.storyboard; sourceTree = "<group>"; };
		CEE23AA32C404C940029D0BE /* Info.plist */ = {isa = PBXFileReference; lastKnownFileType = text.plist.xml; path = Info.plist; sourceTree = "<group>"; };
		CEE23AA82C404C950029D0BE /* FlagsQuizGameTests.xctest */ = {isa = PBXFileReference; explicitFileType = wrapper.cfbundle; includeInIndex = 0; path = FlagsQuizGameTests.xctest; sourceTree = BUILT_PRODUCTS_DIR; };
		CEE23AAC2C404C950029D0BE /* FlagsQuizGameTests.swift */ = {isa = PBXFileReference; lastKnownFileType = sourcecode.swift; path = FlagsQuizGameTests.swift; sourceTree = "<group>"; };
		CEE23AB22C404C950029D0BE /* FlagsQuizGameUITests.xctest */ = {isa = PBXFileReference; explicitFileType = wrapper.cfbundle; includeInIndex = 0; path = FlagsQuizGameUITests.xctest; sourceTree = BUILT_PRODUCTS_DIR; };
		CEE23AB62C404C950029D0BE /* FlagsQuizGameUITests.swift */ = {isa = PBXFileReference; lastKnownFileType = sourcecode.swift; path = FlagsQuizGameUITests.swift; sourceTree = "<group>"; };
		CEE23AB82C404C950029D0BE /* FlagsQuizGameUITestsLaunchTests.swift */ = {isa = PBXFileReference; lastKnownFileType = sourcecode.swift; path = FlagsQuizGameUITestsLaunchTests.swift; sourceTree = "<group>"; };
		CEE23AC52C404CB80029D0BE /* NetworkService.swift */ = {isa = PBXFileReference; lastKnownFileType = sourcecode.swift; path = NetworkService.swift; sourceTree = "<group>"; };
		CEE23AC72C404CD50029D0BE /* NetworkRequest.swift */ = {isa = PBXFileReference; lastKnownFileType = sourcecode.swift; path = NetworkRequest.swift; sourceTree = "<group>"; };
		CEE23ACA2C404D010029D0BE /* FlagService.swift */ = {isa = PBXFileReference; lastKnownFileType = sourcecode.swift; path = FlagService.swift; sourceTree = "<group>"; };
		CEE23ACC2C404D110029D0BE /* Country.swift */ = {isa = PBXFileReference; lastKnownFileType = sourcecode.swift; path = Country.swift; sourceTree = "<group>"; };
		CEE23AD12C4061AD0029D0BE /* GameSwiftUIView.swift */ = {isa = PBXFileReference; lastKnownFileType = sourcecode.swift; path = GameSwiftUIView.swift; sourceTree = "<group>"; };
		CEE23AD32C4064610029D0BE /* FlagsQuizApp.swift */ = {isa = PBXFileReference; lastKnownFileType = sourcecode.swift; path = FlagsQuizApp.swift; sourceTree = "<group>"; };
/* End PBXFileReference section */

/* Begin PBXFrameworksBuildPhase section */
		CEE23A8F2C404C920029D0BE /* Frameworks */ = {
			isa = PBXFrameworksBuildPhase;
			buildActionMask = 2147483647;
			files = (
			);
			runOnlyForDeploymentPostprocessing = 0;
		};
		CEE23AA52C404C950029D0BE /* Frameworks */ = {
			isa = PBXFrameworksBuildPhase;
			buildActionMask = 2147483647;
			files = (
			);
			runOnlyForDeploymentPostprocessing = 0;
		};
		CEE23AAF2C404C950029D0BE /* Frameworks */ = {
			isa = PBXFrameworksBuildPhase;
			buildActionMask = 2147483647;
			files = (
			);
			runOnlyForDeploymentPostprocessing = 0;
		};
/* End PBXFrameworksBuildPhase section */

/* Begin PBXGroup section */
		CEE23A892C404C920029D0BE = {
			isa = PBXGroup;
			children = (
				CEE23A942C404C920029D0BE /* FlagsQuizGame */,
				CEE23AC92C404CDF0029D0BE /* NetworkService */,
				CEE23AD02C404D2E0029D0BE /* FlagSerivce */,
				CEE23AAB2C404C950029D0BE /* FlagsQuizGameTests */,
				CEE23AB52C404C950029D0BE /* FlagsQuizGameUITests */,
				CEE23A932C404C920029D0BE /* Products */,
			);
			sourceTree = "<group>";
		};
		CEE23A932C404C920029D0BE /* Products */ = {
			isa = PBXGroup;
			children = (
				CEE23A922C404C920029D0BE /* FlagsQuizGame.app */,
				CEE23AA82C404C950029D0BE /* FlagsQuizGameTests.xctest */,
				CEE23AB22C404C950029D0BE /* FlagsQuizGameUITests.xctest */,
			);
			name = Products;
			sourceTree = "<group>";
		};
		CEE23A942C404C920029D0BE /* FlagsQuizGame */ = {
			isa = PBXGroup;
			children = (
				CEE23AD32C4064610029D0BE /* FlagsQuizApp.swift */,
				CEE23AD12C4061AD0029D0BE /* GameSwiftUIView.swift */,
				CEE23A9E2C404C940029D0BE /* Assets.xcassets */,
				CEE23AA02C404C940029D0BE /* LaunchScreen.storyboard */,
				CEE23AA32C404C940029D0BE /* Info.plist */,
			);
			path = FlagsQuizGame;
			sourceTree = "<group>";
		};
		CEE23AAB2C404C950029D0BE /* FlagsQuizGameTests */ = {
			isa = PBXGroup;
			children = (
				CEE23AAC2C404C950029D0BE /* FlagsQuizGameTests.swift */,
			);
			path = FlagsQuizGameTests;
			sourceTree = "<group>";
		};
		CEE23AB52C404C950029D0BE /* FlagsQuizGameUITests */ = {
			isa = PBXGroup;
			children = (
				CEE23AB62C404C950029D0BE /* FlagsQuizGameUITests.swift */,
				CEE23AB82C404C950029D0BE /* FlagsQuizGameUITestsLaunchTests.swift */,
			);
			path = FlagsQuizGameUITests;
			sourceTree = "<group>";
		};
		CEE23AC92C404CDF0029D0BE /* NetworkService */ = {
			isa = PBXGroup;
			children = (
				CEE23AC72C404CD50029D0BE /* NetworkRequest.swift */,
				CEE23AC52C404CB80029D0BE /* NetworkService.swift */,
			);
			path = NetworkService;
			sourceTree = "<group>";
		};
		CEE23AD02C404D2E0029D0BE /* FlagSerivce */ = {
			isa = PBXGroup;
			children = (
				CEE23ACC2C404D110029D0BE /* Country.swift */,
				CEE23ACA2C404D010029D0BE /* FlagService.swift */,
			);
			path = FlagSerivce;
			sourceTree = "<group>";
		};
/* End PBXGroup section */

/* Begin PBXNativeTarget section */
		CEE23A912C404C920029D0BE /* FlagsQuizGame */ = {
			isa = PBXNativeTarget;
			buildConfigurationList = CEE23ABC2C404C950029D0BE /* Build configuration list for PBXNativeTarget "FlagsQuizGame" */;
			buildPhases = (
				CEE23A8E2C404C920029D0BE /* Sources */,
				CEE23A8F2C404C920029D0BE /* Frameworks */,
				CEE23A902C404C920029D0BE /* Resources */,
			);
			buildRules = (
			);
			dependencies = (
			);
			name = FlagsQuizGame;
			productName = FlagsQuizGame;
			productReference = CEE23A922C404C920029D0BE /* FlagsQuizGame.app */;
			productType = "com.apple.product-type.application";
		};
		CEE23AA72C404C950029D0BE /* FlagsQuizGameTests */ = {
			isa = PBXNativeTarget;
			buildConfigurationList = CEE23ABF2C404C950029D0BE /* Build configuration list for PBXNativeTarget "FlagsQuizGameTests" */;
			buildPhases = (
				CEE23AA42C404C950029D0BE /* Sources */,
				CEE23AA52C404C950029D0BE /* Frameworks */,
				CEE23AA62C404C950029D0BE /* Resources */,
			);
			buildRules = (
			);
			dependencies = (
				CEE23AAA2C404C950029D0BE /* PBXTargetDependency */,
			);
			name = FlagsQuizGameTests;
			productName = FlagsQuizGameTests;
			productReference = CEE23AA82C404C950029D0BE /* FlagsQuizGameTests.xctest */;
			productType = "com.apple.product-type.bundle.unit-test";
		};
		CEE23AB12C404C950029D0BE /* FlagsQuizGameUITests */ = {
			isa = PBXNativeTarget;
			buildConfigurationList = CEE23AC22C404C950029D0BE /* Build configuration list for PBXNativeTarget "FlagsQuizGameUITests" */;
			buildPhases = (
				CEE23AAE2C404C950029D0BE /* Sources */,
				CEE23AAF2C404C950029D0BE /* Frameworks */,
				CEE23AB02C404C950029D0BE /* Resources */,
			);
			buildRules = (
			);
			dependencies = (
				CEE23AB42C404C950029D0BE /* PBXTargetDependency */,
			);
			name = FlagsQuizGameUITests;
			productName = FlagsQuizGameUITests;
			productReference = CEE23AB22C404C950029D0BE /* FlagsQuizGameUITests.xctest */;
			productType = "com.apple.product-type.bundle.ui-testing";
		};
/* End PBXNativeTarget section */

/* Begin PBXProject section */
		CEE23A8A2C404C920029D0BE /* Project object */ = {
			isa = PBXProject;
			attributes = {
				BuildIndependentTargetsInParallel = 1;
				LastSwiftUpdateCheck = 1540;
				LastUpgradeCheck = 1540;
				TargetAttributes = {
					CEE23A912C404C920029D0BE = {
						CreatedOnToolsVersion = 15.4;
					};
					CEE23AA72C404C950029D0BE = {
						CreatedOnToolsVersion = 15.4;
						TestTargetID = CEE23A912C404C920029D0BE;
					};
					CEE23AB12C404C950029D0BE = {
						CreatedOnToolsVersion = 15.4;
						TestTargetID = CEE23A912C404C920029D0BE;
					};
				};
			};
			buildConfigurationList = CEE23A8D2C404C920029D0BE /* Build configuration list for PBXProject "FlagsQuizGame" */;
			compatibilityVersion = "Xcode 14.0";
			developmentRegion = en;
			hasScannedForEncodings = 0;
			knownRegions = (
				en,
				Base,
			);
			mainGroup = CEE23A892C404C920029D0BE;
			productRefGroup = CEE23A932C404C920029D0BE /* Products */;
			projectDirPath = "";
			projectRoot = "";
			targets = (
				CEE23A912C404C920029D0BE /* FlagsQuizGame */,
				CEE23AA72C404C950029D0BE /* FlagsQuizGameTests */,
				CEE23AB12C404C950029D0BE /* FlagsQuizGameUITests */,
			);
		};
/* End PBXProject section */

/* Begin PBXResourcesBuildPhase section */
		CEE23A902C404C920029D0BE /* Resources */ = {
			isa = PBXResourcesBuildPhase;
			buildActionMask = 2147483647;
			files = (
				CEE23A9F2C404C940029D0BE /* Assets.xcassets in Resources */,
				CEE23AA22C404C940029D0BE /* Base in Resources */,
			);
			runOnlyForDeploymentPostprocessing = 0;
		};
		CEE23AA62C404C950029D0BE /* Resources */ = {
			isa = PBXResourcesBuildPhase;
			buildActionMask = 2147483647;
			files = (
			);
			runOnlyForDeploymentPostprocessing = 0;
		};
		CEE23AB02C404C950029D0BE /* Resources */ = {
			isa = PBXResourcesBuildPhase;
			buildActionMask = 2147483647;
			files = (
			);
			runOnlyForDeploymentPostprocessing = 0;
		};
/* End PBXResourcesBuildPhase section */

/* Begin PBXSourcesBuildPhase section */
		CEE23A8E2C404C920029D0BE /* Sources */ = {
			isa = PBXSourcesBuildPhase;
			buildActionMask = 2147483647;
			files = (
				CEE23ACD2C404D110029D0BE /* Country.swift in Sources */,
				CEE23ACB2C404D010029D0BE /* FlagService.swift in Sources */,
				CEE23AD42C4064610029D0BE /* FlagsQuizApp.swift in Sources */,
				CEE23AD22C4061AD0029D0BE /* GameSwiftUIView.swift in Sources */,
				CEE23AC62C404CB80029D0BE /* NetworkService.swift in Sources */,
				CEE23AC82C404CD50029D0BE /* NetworkRequest.swift in Sources */,
			);
			runOnlyForDeploymentPostprocessing = 0;
		};
		CEE23AA42C404C950029D0BE /* Sources */ = {
			isa = PBXSourcesBuildPhase;
			buildActionMask = 2147483647;
			files = (
				CEE23AAD2C404C950029D0BE /* FlagsQuizGameTests.swift in Sources */,
			);
			runOnlyForDeploymentPostprocessing = 0;
		};
		CEE23AAE2C404C950029D0BE /* Sources */ = {
			isa = PBXSourcesBuildPhase;
			buildActionMask = 2147483647;
			files = (
				CEE23AB72C404C950029D0BE /* FlagsQuizGameUITests.swift in Sources */,
				CEE23AB92C404C950029D0BE /* FlagsQuizGameUITestsLaunchTests.swift in Sources */,
			);
			runOnlyForDeploymentPostprocessing = 0;
		};
/* End PBXSourcesBuildPhase section */

/* Begin PBXTargetDependency section */
		CEE23AAA2C404C950029D0BE /* PBXTargetDependency */ = {
			isa = PBXTargetDependency;
			target = CEE23A912C404C920029D0BE /* FlagsQuizGame */;
			targetProxy = CEE23AA92C404C950029D0BE /* PBXContainerItemProxy */;
		};
		CEE23AB42C404C950029D0BE /* PBXTargetDependency */ = {
			isa = PBXTargetDependency;
			target = CEE23A912C404C920029D0BE /* FlagsQuizGame */;
			targetProxy = CEE23AB32C404C950029D0BE /* PBXContainerItemProxy */;
		};
/* End PBXTargetDependency section */

/* Begin PBXVariantGroup section */
		CEE23AA02C404C940029D0BE /* LaunchScreen.storyboard */ = {
			isa = PBXVariantGroup;
			children = (
				CEE23AA12C404C940029D0BE /* Base */,
			);
			name = LaunchScreen.storyboard;
			sourceTree = "<group>";
		};
/* End PBXVariantGroup section */

/* Begin XCBuildConfiguration section */
		CEE23ABA2C404C950029D0BE /* Debug */ = {
			isa = XCBuildConfiguration;
			buildSettings = {
				ALWAYS_SEARCH_USER_PATHS = NO;
				ASSETCATALOG_COMPILER_GENERATE_SWIFT_ASSET_SYMBOL_EXTENSIONS = YES;
				CLANG_ANALYZER_NONNULL = YES;
				CLANG_ANALYZER_NUMBER_OBJECT_CONVERSION = YES_AGGRESSIVE;
				CLANG_CXX_LANGUAGE_STANDARD = "gnu++20";
				CLANG_ENABLE_MODULES = YES;
				CLANG_ENABLE_OBJC_ARC = YES;
				CLANG_ENABLE_OBJC_WEAK = YES;
				CLANG_WARN_BLOCK_CAPTURE_AUTORELEASING = YES;
				CLANG_WARN_BOOL_CONVERSION = YES;
				CLANG_WARN_COMMA = YES;
				CLANG_WARN_CONSTANT_CONVERSION = YES;
				CLANG_WARN_DEPRECATED_OBJC_IMPLEMENTATIONS = YES;
				CLANG_WARN_DIRECT_OBJC_ISA_USAGE = YES_ERROR;
				CLANG_WARN_DOCUMENTATION_COMMENTS = YES;
				CLANG_WARN_EMPTY_BODY = YES;
				CLANG_WARN_ENUM_CONVERSION = YES;
				CLANG_WARN_INFINITE_RECURSION = YES;
				CLANG_WARN_INT_CONVERSION = YES;
				CLANG_WARN_NON_LITERAL_NULL_CONVERSION = YES;
				CLANG_WARN_OBJC_IMPLICIT_RETAIN_SELF = YES;
				CLANG_WARN_OBJC_LITERAL_CONVERSION = YES;
				CLANG_WARN_OBJC_ROOT_CLASS = YES_ERROR;
				CLANG_WARN_QUOTED_INCLUDE_IN_FRAMEWORK_HEADER = YES;
				CLANG_WARN_RANGE_LOOP_ANALYSIS = YES;
				CLANG_WARN_STRICT_PROTOTYPES = YES;
				CLANG_WARN_SUSPICIOUS_MOVE = YES;
				CLANG_WARN_UNGUARDED_AVAILABILITY = YES_AGGRESSIVE;
				CLANG_WARN_UNREACHABLE_CODE = YES;
				CLANG_WARN__DUPLICATE_METHOD_MATCH = YES;
				COPY_PHASE_STRIP = NO;
				DEBUG_INFORMATION_FORMAT = dwarf;
				ENABLE_STRICT_OBJC_MSGSEND = YES;
				ENABLE_TESTABILITY = YES;
				ENABLE_USER_SCRIPT_SANDBOXING = YES;
				GCC_C_LANGUAGE_STANDARD = gnu17;
				GCC_DYNAMIC_NO_PIC = NO;
				GCC_NO_COMMON_BLOCKS = YES;
				GCC_OPTIMIZATION_LEVEL = 0;
				GCC_PREPROCESSOR_DEFINITIONS = (
					"DEBUG=1",
					"$(inherited)",
				);
				GCC_WARN_64_TO_32_BIT_CONVERSION = YES;
				GCC_WARN_ABOUT_RETURN_TYPE = YES_ERROR;
				GCC_WARN_UNDECLARED_SELECTOR = YES;
				GCC_WARN_UNINITIALIZED_AUTOS = YES_AGGRESSIVE;
				GCC_WARN_UNUSED_FUNCTION = YES;
				GCC_WARN_UNUSED_VARIABLE = YES;
				IPHONEOS_DEPLOYMENT_TARGET = 17.5;
				LOCALIZATION_PREFERS_STRING_CATALOGS = YES;
				MTL_ENABLE_DEBUG_INFO = INCLUDE_SOURCE;
				MTL_FAST_MATH = YES;
				ONLY_ACTIVE_ARCH = YES;
				SDKROOT = iphoneos;
				SWIFT_ACTIVE_COMPILATION_CONDITIONS = "DEBUG $(inherited)";
				SWIFT_OPTIMIZATION_LEVEL = "-Onone";
			};
			name = Debug;
		};
		CEE23ABB2C404C950029D0BE /* Release */ = {
			isa = XCBuildConfiguration;
			buildSettings = {
				ALWAYS_SEARCH_USER_PATHS = NO;
				ASSETCATALOG_COMPILER_GENERATE_SWIFT_ASSET_SYMBOL_EXTENSIONS = YES;
				CLANG_ANALYZER_NONNULL = YES;
				CLANG_ANALYZER_NUMBER_OBJECT_CONVERSION = YES_AGGRESSIVE;
				CLANG_CXX_LANGUAGE_STANDARD = "gnu++20";
				CLANG_ENABLE_MODULES = YES;
				CLANG_ENABLE_OBJC_ARC = YES;
				CLANG_ENABLE_OBJC_WEAK = YES;
				CLANG_WARN_BLOCK_CAPTURE_AUTORELEASING = YES;
				CLANG_WARN_BOOL_CONVERSION = YES;
				CLANG_WARN_COMMA = YES;
				CLANG_WARN_CONSTANT_CONVERSION = YES;
				CLANG_WARN_DEPRECATED_OBJC_IMPLEMENTATIONS = YES;
				CLANG_WARN_DIRECT_OBJC_ISA_USAGE = YES_ERROR;
				CLANG_WARN_DOCUMENTATION_COMMENTS = YES;
				CLANG_WARN_EMPTY_BODY = YES;
				CLANG_WARN_ENUM_CONVERSION = YES;
				CLANG_WARN_INFINITE_RECURSION = YES;
				CLANG_WARN_INT_CONVERSION = YES;
				CLANG_WARN_NON_LITERAL_NULL_CONVERSION = YES;
				CLANG_WARN_OBJC_IMPLICIT_RETAIN_SELF = YES;
				CLANG_WARN_OBJC_LITERAL_CONVERSION = YES;
				CLANG_WARN_OBJC_ROOT_CLASS = YES_ERROR;
				CLANG_WARN_QUOTED_INCLUDE_IN_FRAMEWORK_HEADER = YES;
				CLANG_WARN_RANGE_LOOP_ANALYSIS = YES;
				CLANG_WARN_STRICT_PROTOTYPES = YES;
				CLANG_WARN_SUSPICIOUS_MOVE = YES;
				CLANG_WARN_UNGUARDED_AVAILABILITY = YES_AGGRESSIVE;
				CLANG_WARN_UNREACHABLE_CODE = YES;
				CLANG_WARN__DUPLICATE_METHOD_MATCH = YES;
				COPY_PHASE_STRIP = NO;
				DEBUG_INFORMATION_FORMAT = "dwarf-with-dsym";
				ENABLE_NS_ASSERTIONS = NO;
				ENABLE_STRICT_OBJC_MSGSEND = YES;
				ENABLE_USER_SCRIPT_SANDBOXING = YES;
				GCC_C_LANGUAGE_STANDARD = gnu17;
				GCC_NO_COMMON_BLOCKS = YES;
				GCC_WARN_64_TO_32_BIT_CONVERSION = YES;
				GCC_WARN_ABOUT_RETURN_TYPE = YES_ERROR;
				GCC_WARN_UNDECLARED_SELECTOR = YES;
				GCC_WARN_UNINITIALIZED_AUTOS = YES_AGGRESSIVE;
				GCC_WARN_UNUSED_FUNCTION = YES;
				GCC_WARN_UNUSED_VARIABLE = YES;
				IPHONEOS_DEPLOYMENT_TARGET = 17.5;
				LOCALIZATION_PREFERS_STRING_CATALOGS = YES;
				MTL_ENABLE_DEBUG_INFO = NO;
				MTL_FAST_MATH = YES;
				SDKROOT = iphoneos;
				SWIFT_COMPILATION_MODE = wholemodule;
				VALIDATE_PRODUCT = YES;
			};
			name = Release;
		};
		CEE23ABD2C404C950029D0BE /* Debug */ = {
			isa = XCBuildConfiguration;
			buildSettings = {
				ASSETCATALOG_COMPILER_APPICON_NAME = AppIcon;
				ASSETCATALOG_COMPILER_GLOBAL_ACCENT_COLOR_NAME = AccentColor;
				CODE_SIGN_STYLE = Automatic;
				CURRENT_PROJECT_VERSION = 1;
				DEVELOPMENT_TEAM = 522V7NC84T;
				GENERATE_INFOPLIST_FILE = YES;
				INFOPLIST_FILE = FlagsQuizGame/Info.plist;
				INFOPLIST_KEY_UIApplicationSupportsIndirectInputEvents = YES;
				INFOPLIST_KEY_UILaunchStoryboardName = LaunchScreen;
				INFOPLIST_KEY_UISupportedInterfaceOrientations = UIInterfaceOrientationPortrait;
				LD_RUNPATH_SEARCH_PATHS = (
					"$(inherited)",
					"@executable_path/Frameworks",
				);
				MARKETING_VERSION = 1.0;
				PRODUCT_BUNDLE_IDENTIFIER = TA.FlagsQuizGame;
				PRODUCT_NAME = "$(TARGET_NAME)";
				SWIFT_EMIT_LOC_STRINGS = YES;
				SWIFT_VERSION = 5.0;
				TARGETED_DEVICE_FAMILY = 1;
			};
			name = Debug;
		};
		CEE23ABE2C404C950029D0BE /* Release */ = {
			isa = XCBuildConfiguration;
			buildSettings = {
				ASSETCATALOG_COMPILER_APPICON_NAME = AppIcon;
				ASSETCATALOG_COMPILER_GLOBAL_ACCENT_COLOR_NAME = AccentColor;
				CODE_SIGN_STYLE = Automatic;
				CURRENT_PROJECT_VERSION = 1;
				DEVELOPMENT_TEAM = 522V7NC84T;
				GENERATE_INFOPLIST_FILE = YES;
				INFOPLIST_FILE = FlagsQuizGame/Info.plist;
				INFOPLIST_KEY_UIApplicationSupportsIndirectInputEvents = YES;
				INFOPLIST_KEY_UILaunchStoryboardName = LaunchScreen;
				INFOPLIST_KEY_UISupportedInterfaceOrientations = UIInterfaceOrientationPortrait;
				LD_RUNPATH_SEARCH_PATHS = (
					"$(inherited)",
					"@executable_path/Frameworks",
				);
				MARKETING_VERSION = 1.0;
				PRODUCT_BUNDLE_IDENTIFIER = TA.FlagsQuizGame;
				PRODUCT_NAME = "$(TARGET_NAME)";
				SWIFT_EMIT_LOC_STRINGS = YES;
				SWIFT_VERSION = 5.0;
				TARGETED_DEVICE_FAMILY = 1;
			};
			name = Release;
		};
		CEE23AC02C404C950029D0BE /* Debug */ = {
			isa = XCBuildConfiguration;
			buildSettings = {
				ALWAYS_EMBED_SWIFT_STANDARD_LIBRARIES = YES;
				BUNDLE_LOADER = "$(TEST_HOST)";
				CODE_SIGN_STYLE = Automatic;
				CURRENT_PROJECT_VERSION = 1;
				DEVELOPMENT_TEAM = 522V7NC84T;
				GENERATE_INFOPLIST_FILE = YES;
				IPHONEOS_DEPLOYMENT_TARGET = 17.5;
				MARKETING_VERSION = 1.0;
				PRODUCT_BUNDLE_IDENTIFIER = TA.FlagsQuizGameTests;
				PRODUCT_NAME = "$(TARGET_NAME)";
				SWIFT_EMIT_LOC_STRINGS = NO;
				SWIFT_VERSION = 5.0;
				TARGETED_DEVICE_FAMILY = "1,2";
				TEST_HOST = "$(BUILT_PRODUCTS_DIR)/FlagsQuizGame.app/$(BUNDLE_EXECUTABLE_FOLDER_PATH)/FlagsQuizGame";
			};
			name = Debug;
		};
		CEE23AC12C404C950029D0BE /* Release */ = {
			isa = XCBuildConfiguration;
			buildSettings = {
				ALWAYS_EMBED_SWIFT_STANDARD_LIBRARIES = YES;
				BUNDLE_LOADER = "$(TEST_HOST)";
				CODE_SIGN_STYLE = Automatic;
				CURRENT_PROJECT_VERSION = 1;
				DEVELOPMENT_TEAM = 522V7NC84T;
				GENERATE_INFOPLIST_FILE = YES;
				IPHONEOS_DEPLOYMENT_TARGET = 17.5;
				MARKETING_VERSION = 1.0;
				PRODUCT_BUNDLE_IDENTIFIER = TA.FlagsQuizGameTests;
				PRODUCT_NAME = "$(TARGET_NAME)";
				SWIFT_EMIT_LOC_STRINGS = NO;
				SWIFT_VERSION = 5.0;
				TARGETED_DEVICE_FAMILY = "1,2";
				TEST_HOST = "$(BUILT_PRODUCTS_DIR)/FlagsQuizGame.app/$(BUNDLE_EXECUTABLE_FOLDER_PATH)/FlagsQuizGame";
			};
			name = Release;
		};
		CEE23AC32C404C950029D0BE /* Debug */ = {
			isa = XCBuildConfiguration;
			buildSettings = {
				ALWAYS_EMBED_SWIFT_STANDARD_LIBRARIES = YES;
				CODE_SIGN_STYLE = Automatic;
				CURRENT_PROJECT_VERSION = 1;
				DEVELOPMENT_TEAM = 522V7NC84T;
				GENERATE_INFOPLIST_FILE = YES;
				MARKETING_VERSION = 1.0;
				PRODUCT_BUNDLE_IDENTIFIER = TA.FlagsQuizGameUITests;
				PRODUCT_NAME = "$(TARGET_NAME)";
				SWIFT_EMIT_LOC_STRINGS = NO;
				SWIFT_VERSION = 5.0;
				TARGETED_DEVICE_FAMILY = "1,2";
				TEST_TARGET_NAME = FlagsQuizGame;
			};
			name = Debug;
		};
		CEE23AC42C404C950029D0BE /* Release */ = {
			isa = XCBuildConfiguration;
			buildSettings = {
				ALWAYS_EMBED_SWIFT_STANDARD_LIBRARIES = YES;
				CODE_SIGN_STYLE = Automatic;
				CURRENT_PROJECT_VERSION = 1;
				DEVELOPMENT_TEAM = 522V7NC84T;
				GENERATE_INFOPLIST_FILE = YES;
				MARKETING_VERSION = 1.0;
				PRODUCT_BUNDLE_IDENTIFIER = TA.FlagsQuizGameUITests;
				PRODUCT_NAME = "$(TARGET_NAME)";
				SWIFT_EMIT_LOC_STRINGS = NO;
				SWIFT_VERSION = 5.0;
				TARGETED_DEVICE_FAMILY = "1,2";
				TEST_TARGET_NAME = FlagsQuizGame;
			};
			name = Release;
		};
/* End XCBuildConfiguration section */

/* Begin XCConfigurationList section */
		CEE23A8D2C404C920029D0BE /* Build configuration list for PBXProject "FlagsQuizGame" */ = {
			isa = XCConfigurationList;
			buildConfigurations = (
				CEE23ABA2C404C950029D0BE /* Debug */,
				CEE23ABB2C404C950029D0BE /* Release */,
			);
			defaultConfigurationIsVisible = 0;
			defaultConfigurationName = Release;
		};
		CEE23ABC2C404C950029D0BE /* Build configuration list for PBXNativeTarget "FlagsQuizGame" */ = {
			isa = XCConfigurationList;
			buildConfigurations = (
				CEE23ABD2C404C950029D0BE /* Debug */,
				CEE23ABE2C404C950029D0BE /* Release */,
			);
			defaultConfigurationIsVisible = 0;
			defaultConfigurationName = Release;
		};
		CEE23ABF2C404C950029D0BE /* Build configuration list for PBXNativeTarget "FlagsQuizGameTests" */ = {
			isa = XCConfigurationList;
			buildConfigurations = (
				CEE23AC02C404C950029D0BE /* Debug */,
				CEE23AC12C404C950029D0BE /* Release */,
			);
			defaultConfigurationIsVisible = 0;
			defaultConfigurationName = Release;
		};
		CEE23AC22C404C950029D0BE /* Build configuration list for PBXNativeTarget "FlagsQuizGameUITests" */ = {
			isa = XCConfigurationList;
			buildConfigurations = (
				CEE23AC32C404C950029D0BE /* Debug */,
				CEE23AC42C404C950029D0BE /* Release */,
			);
			defaultConfigurationIsVisible = 0;
			defaultConfigurationName = Release;
		};
/* End XCConfigurationList section */
	};
	rootObject = CEE23A8A2C404C920029D0BE /* Project object */;
}
